// !$*UTF8*$!
{
	archiveVersion = 1;
	classes = {
	};
	objectVersion = 56;
	objects = {

/* Begin PBXBuildFile section */
		FACEFF0F2E3AA6C800C88910 /* main.cpp in Sources */ = {isa = PBXBuildFile; fileRef = FACEFF0D2E3AA6C800C88910 /* main.cpp */; };
		FACEFF1C2E3AA97700C88910 /* trainer.cpp in Sources */ = {isa = PBXBuildFile; fileRef = FACEFF1A2E3AA97700C88910 /* trainer.cpp */; };
		FACEFF1F2E3AA98B00C88910 /* cfr_node.cpp in Sources */ = {isa = PBXBuildFile; fileRef = FACEFF1D2E3AA98B00C88910 /* cfr_node.cpp */; };
		FACEFF262E3AA9BB00C88910 /* action.cpp in Sources */ = {isa = PBXBuildFile; fileRef = FACEFF242E3AA9BB00C88910 /* action.cpp */; };
		FACEFF322E3AABCF00C88910 /* hand_encoding.cpp in Sources */ = {isa = PBXBuildFile; fileRef = FACEFF302E3AABCF00C88910 /* hand_encoding.cpp */; };
		FACEFF362E3AABF000C88910 /* evaluator.cpp in Sources */ = {isa = PBXBuildFile; fileRef = FACEFF342E3AABF000C88910 /* evaluator.cpp */; };
		FACEFF3B2E3AAC2B00C88910 /* test_trainer.cpp in Sources */ = {isa = PBXBuildFile; fileRef = FACEFF3A2E3AAC2B00C88910 /* test_trainer.cpp */; };
		FACEFF3D2E3AAC3900C88910 /* test_utils.cpp in Sources */ = {isa = PBXBuildFile; fileRef = FACEFF3C2E3AAC3900C88910 /* test_utils.cpp */; };
		FACEFF582E3B657C00C88910 /* preflop_encoder.cpp in Sources */ = {isa = PBXBuildFile; fileRef = FACEFF292E3AAA5E00C88910 /* preflop_encoder.cpp */; };
		FACEFF592E3B657C00C88910 /* preflop_encoder.cpp in Sources */ = {isa = PBXBuildFile; fileRef = FACEFF292E3AAA5E00C88910 /* preflop_encoder.cpp */; };
		FACEFF5B2E3B665800C88910 /* encode_bench.cpp in Sources */ = {isa = PBXBuildFile; fileRef = FACEFF3E2E3AAC4800C88910 /* encode_bench.cpp */; };
		FACEFF5D2E44866500C88910 /* test_state_applyAction.cpp in Sources */ = {isa = PBXBuildFile; fileRef = FACEFF5C2E44866500C88910 /* test_state_applyAction.cpp */; };
		FACEFF5E2E45112600C88910 /* state.cpp in Sources */ = {isa = PBXBuildFile; fileRef = FACEFF212E3AA9AE00C88910 /* state.cpp */; };
/* End PBXBuildFile section */

/* Begin PBXCopyFilesBuildPhase section */
		FACEFF012E3AA54E00C88910 /* CopyFiles */ = {
			isa = PBXCopyFilesBuildPhase;
			buildActionMask = 2147483647;
			dstPath = /usr/share/man/man1/;
			dstSubfolderSpec = 0;
			files = (
			);
			runOnlyForDeploymentPostprocessing = 1;
		};
		FACEFF422E3B552100C88910 /* CopyFiles */ = {
			isa = PBXCopyFilesBuildPhase;
			buildActionMask = 2147483647;
			dstPath = /usr/share/man/man1/;
			dstSubfolderSpec = 0;
			files = (
			);
			runOnlyForDeploymentPostprocessing = 1;
		};
		FACEFF4F2E3B648B00C88910 /* CopyFiles */ = {
			isa = PBXCopyFilesBuildPhase;
			buildActionMask = 2147483647;
			dstPath = /usr/share/man/man1/;
			dstSubfolderSpec = 0;
			files = (
			);
			runOnlyForDeploymentPostprocessing = 1;
		};
/* End PBXCopyFilesBuildPhase section */

/* Begin PBXFileReference section */
		FACEFF032E3AA54E00C88910 /* NAO-115 */ = {isa = PBXFileReference; explicitFileType = "compiled.mach-o.executable"; includeInIndex = 0; path = "NAO-115"; sourceTree = BUILT_PRODUCTS_DIR; };
		FACEFF0D2E3AA6C800C88910 /* main.cpp */ = {isa = PBXFileReference; fileEncoding = 4; lastKnownFileType = sourcecode.cpp.cpp; path = main.cpp; sourceTree = "<group>"; };
		FACEFF1A2E3AA97700C88910 /* trainer.cpp */ = {isa = PBXFileReference; lastKnownFileType = sourcecode.cpp.cpp; path = trainer.cpp; sourceTree = "<group>"; };
		FACEFF1B2E3AA97700C88910 /* trainer.hpp */ = {isa = PBXFileReference; lastKnownFileType = sourcecode.cpp.h; path = trainer.hpp; sourceTree = "<group>"; };
		FACEFF1D2E3AA98B00C88910 /* cfr_node.cpp */ = {isa = PBXFileReference; lastKnownFileType = sourcecode.cpp.cpp; path = cfr_node.cpp; sourceTree = "<group>"; };
		FACEFF1E2E3AA98B00C88910 /* cfr_node.hpp */ = {isa = PBXFileReference; lastKnownFileType = sourcecode.cpp.h; path = cfr_node.hpp; sourceTree = "<group>"; };
		FACEFF212E3AA9AE00C88910 /* state.cpp */ = {isa = PBXFileReference; lastKnownFileType = sourcecode.cpp.cpp; path = state.cpp; sourceTree = "<group>"; };
		FACEFF222E3AA9AE00C88910 /* state.hpp */ = {isa = PBXFileReference; lastKnownFileType = sourcecode.cpp.h; path = state.hpp; sourceTree = "<group>"; };
		FACEFF242E3AA9BB00C88910 /* action.cpp */ = {isa = PBXFileReference; lastKnownFileType = sourcecode.cpp.cpp; path = action.cpp; sourceTree = "<group>"; };
		FACEFF252E3AA9BB00C88910 /* action.hpp */ = {isa = PBXFileReference; lastKnownFileType = sourcecode.cpp.h; path = action.hpp; sourceTree = "<group>"; };
		FACEFF292E3AAA5E00C88910 /* preflop_encoder.cpp */ = {isa = PBXFileReference; lastKnownFileType = sourcecode.cpp.cpp; path = preflop_encoder.cpp; sourceTree = "<group>"; };
		FACEFF2A2E3AAA5E00C88910 /* preflop_encoder.hpp */ = {isa = PBXFileReference; lastKnownFileType = sourcecode.cpp.h; path = preflop_encoder.hpp; sourceTree = "<group>"; };
		FACEFF2D2E3AAB6100C88910 /* regret_updater.hpp */ = {isa = PBXFileReference; lastKnownFileType = sourcecode.cpp.h; path = regret_updater.hpp; sourceTree = "<group>"; };
		FACEFF2E2E3AAB7900C88910 /* card_utils.hpp */ = {isa = PBXFileReference; lastKnownFileType = sourcecode.cpp.h; path = card_utils.hpp; sourceTree = "<group>"; };
		FACEFF2F2E3AABB300C88910 /* constants.hpp */ = {isa = PBXFileReference; lastKnownFileType = sourcecode.cpp.h; path = constants.hpp; sourceTree = "<group>"; };
		FACEFF302E3AABCF00C88910 /* hand_encoding.cpp */ = {isa = PBXFileReference; lastKnownFileType = sourcecode.cpp.cpp; path = hand_encoding.cpp; sourceTree = "<group>"; };
		FACEFF312E3AABCF00C88910 /* hand_encoding.hpp */ = {isa = PBXFileReference; lastKnownFileType = sourcecode.cpp.h; path = hand_encoding.hpp; sourceTree = "<group>"; };
		FACEFF332E3AABDA00C88910 /* random.hpp */ = {isa = PBXFileReference; lastKnownFileType = sourcecode.cpp.h; path = random.hpp; sourceTree = "<group>"; };
		FACEFF342E3AABF000C88910 /* evaluator.cpp */ = {isa = PBXFileReference; lastKnownFileType = sourcecode.cpp.cpp; path = evaluator.cpp; sourceTree = "<group>"; };
		FACEFF352E3AABF000C88910 /* evaluator.hpp */ = {isa = PBXFileReference; lastKnownFileType = sourcecode.cpp.h; path = evaluator.hpp; sourceTree = "<group>"; };
		FACEFF372E3AAC0200C88910 /* buckets.hpp */ = {isa = PBXFileReference; lastKnownFileType = sourcecode.cpp.h; path = buckets.hpp; sourceTree = "<group>"; };
		FACEFF382E3AAC1C00C88910 /* test_preflop_encoder.cpp */ = {isa = PBXFileReference; lastKnownFileType = sourcecode.cpp.cpp; path = test_preflop_encoder.cpp; sourceTree = "<group>"; };
		FACEFF3A2E3AAC2B00C88910 /* test_trainer.cpp */ = {isa = PBXFileReference; lastKnownFileType = sourcecode.cpp.cpp; path = test_trainer.cpp; sourceTree = "<group>"; };
		FACEFF3C2E3AAC3900C88910 /* test_utils.cpp */ = {isa = PBXFileReference; lastKnownFileType = sourcecode.cpp.cpp; path = test_utils.cpp; sourceTree = "<group>"; };
		FACEFF3E2E3AAC4800C88910 /* encode_bench.cpp */ = {isa = PBXFileReference; lastKnownFileType = sourcecode.cpp.cpp; path = encode_bench.cpp; sourceTree = "<group>"; };
		FACEFF442E3B552100C88910 /* NAO-115 Tests */ = {isa = PBXFileReference; explicitFileType = "compiled.mach-o.executable"; includeInIndex = 0; path = "NAO-115 Tests"; sourceTree = BUILT_PRODUCTS_DIR; };
		FACEFF462E3B552100C88910 /* main.cpp */ = {isa = PBXFileReference; lastKnownFileType = sourcecode.cpp.cpp; path = main.cpp; sourceTree = "<group>"; };
		FACEFF512E3B648B00C88910 /* NAO-115 Benchmark */ = {isa = PBXFileReference; explicitFileType = "compiled.mach-o.executable"; includeInIndex = 0; path = "NAO-115 Benchmark"; sourceTree = BUILT_PRODUCTS_DIR; };
		FACEFF5C2E44866500C88910 /* test_state_applyAction.cpp */ = {isa = PBXFileReference; lastKnownFileType = sourcecode.cpp.cpp; path = test_state_applyAction.cpp; sourceTree = "<group>"; };
/* End PBXFileReference section */

/* Begin PBXFrameworksBuildPhase section */
		FACEFF002E3AA54E00C88910 /* Frameworks */ = {
			isa = PBXFrameworksBuildPhase;
			buildActionMask = 2147483647;
			files = (
			);
			runOnlyForDeploymentPostprocessing = 0;
		};
		FACEFF412E3B552100C88910 /* Frameworks */ = {
			isa = PBXFrameworksBuildPhase;
			buildActionMask = 2147483647;
			files = (
			);
			runOnlyForDeploymentPostprocessing = 0;
		};
		FACEFF4E2E3B648B00C88910 /* Frameworks */ = {
			isa = PBXFrameworksBuildPhase;
			buildActionMask = 2147483647;
			files = (
			);
			runOnlyForDeploymentPostprocessing = 0;
		};
/* End PBXFrameworksBuildPhase section */

/* Begin PBXGroup section */
		FACEFEFA2E3AA54E00C88910 = {
			isa = PBXGroup;
			children = (
				FACEFF052E3AA54E00C88910 /* NAO-115 */,
				FACEFF452E3B552100C88910 /* NAO-115 Tests */,
				FACEFF042E3AA54E00C88910 /* Products */,
			);
			sourceTree = "<group>";
		};
		FACEFF042E3AA54E00C88910 /* Products */ = {
			isa = PBXGroup;
			children = (
				FACEFF032E3AA54E00C88910 /* NAO-115 */,
				FACEFF442E3B552100C88910 /* NAO-115 Tests */,
				FACEFF512E3B648B00C88910 /* NAO-115 Benchmark */,
			);
			name = Products;
			sourceTree = "<group>";
		};
		FACEFF052E3AA54E00C88910 /* NAO-115 */ = {
			isa = PBXGroup;
			children = (
				FACEFF0E2E3AA6C800C88910 /* src */,
			);
			path = "NAO-115";
			sourceTree = "<group>";
		};
		FACEFF0E2E3AA6C800C88910 /* src */ = {
			isa = PBXGroup;
			children = (
				FACEFF0D2E3AA6C800C88910 /* main.cpp */,
				FACEFF162E3AA95300C88910 /* benchmark */,
				FACEFF142E3AA95300C88910 /* encoding */,
				FACEFF182E3AA95300C88910 /* eval */,
				FACEFF172E3AA95300C88910 /* core */,
				FACEFF152E3AA95300C88910 /* test */,
				FACEFF192E3AA95300C88910 /* utils */,
				FACEFF102E3AA78100C88910 /* cfr */,
			);
			path = src;
			sourceTree = "<group>";
		};
		FACEFF102E3AA78100C88910 /* cfr */ = {
			isa = PBXGroup;
			children = (
				FACEFF1A2E3AA97700C88910 /* trainer.cpp */,
				FACEFF1B2E3AA97700C88910 /* trainer.hpp */,
				FACEFF1D2E3AA98B00C88910 /* cfr_node.cpp */,
				FACEFF1E2E3AA98B00C88910 /* cfr_node.hpp */,
				FACEFF2D2E3AAB6100C88910 /* regret_updater.hpp */,
			);
			path = cfr;
			sourceTree = "<group>";
		};
		FACEFF142E3AA95300C88910 /* encoding */ = {
			isa = PBXGroup;
			children = (
				FACEFF292E3AAA5E00C88910 /* preflop_encoder.cpp */,
				FACEFF2A2E3AAA5E00C88910 /* preflop_encoder.hpp */,
				FACEFF2E2E3AAB7900C88910 /* card_utils.hpp */,
			);
			path = encoding;
			sourceTree = "<group>";
		};
		FACEFF152E3AA95300C88910 /* test */ = {
			isa = PBXGroup;
			children = (
				FACEFF612E47A56600C88910 /* cfr */,
				FACEFF602E47A56600C88910 /* encoding */,
				FACEFF622E47A56600C88910 /* game */,
				FACEFF5F2E47A56600C88910 /* utils */,
				FACEFF382E3AAC1C00C88910 /* test_preflop_encoder.cpp */,
				FACEFF5C2E44866500C88910 /* test_state_applyAction.cpp */,
				FACEFF3A2E3AAC2B00C88910 /* test_trainer.cpp */,
				FACEFF3C2E3AAC3900C88910 /* test_utils.cpp */,
			);
			path = test;
			sourceTree = "<group>";
		};
		FACEFF162E3AA95300C88910 /* benchmark */ = {
			isa = PBXGroup;
			children = (
				FACEFF3E2E3AAC4800C88910 /* encode_bench.cpp */,
			);
			path = benchmark;
			sourceTree = "<group>";
		};
		FACEFF172E3AA95300C88910 /* core */ = {
			isa = PBXGroup;
			children = (
				FACEFF212E3AA9AE00C88910 /* state.cpp */,
				FACEFF222E3AA9AE00C88910 /* state.hpp */,
				FACEFF242E3AA9BB00C88910 /* action.cpp */,
				FACEFF252E3AA9BB00C88910 /* action.hpp */,
				FACEFF2F2E3AABB300C88910 /* constants.hpp */,
			);
			path = core;
			sourceTree = "<group>";
		};
		FACEFF182E3AA95300C88910 /* eval */ = {
			isa = PBXGroup;
			children = (
				FACEFF342E3AABF000C88910 /* evaluator.cpp */,
				FACEFF352E3AABF000C88910 /* evaluator.hpp */,
				FACEFF372E3AAC0200C88910 /* buckets.hpp */,
			);
			path = eval;
			sourceTree = "<group>";
		};
		FACEFF192E3AA95300C88910 /* utils */ = {
			isa = PBXGroup;
			children = (
				FACEFF302E3AABCF00C88910 /* hand_encoding.cpp */,
				FACEFF312E3AABCF00C88910 /* hand_encoding.hpp */,
				FACEFF332E3AABDA00C88910 /* random.hpp */,
			);
			path = utils;
			sourceTree = "<group>";
		};
		FACEFF452E3B552100C88910 /* NAO-115 Tests */ = {
			isa = PBXGroup;
			children = (
				FACEFF462E3B552100C88910 /* main.cpp */,
			);
			path = "NAO-115 Tests";
			sourceTree = "<group>";
		};
		FACEFF5F2E47A56600C88910 /* utils */ = {
			isa = PBXGroup;
			children = (
			);
			path = utils;
			sourceTree = "<group>";
		};
		FACEFF602E47A56600C88910 /* encoding */ = {
			isa = PBXGroup;
			children = (
			);
			path = encoding;
			sourceTree = "<group>";
		};
		FACEFF612E47A56600C88910 /* cfr */ = {
			isa = PBXGroup;
			children = (
			);
			path = cfr;
			sourceTree = "<group>";
		};
		FACEFF622E47A56600C88910 /* game */ = {
			isa = PBXGroup;
			children = (
			);
			path = game;
			sourceTree = "<group>";
		};
/* End PBXGroup section */

/* Begin PBXNativeTarget section */
		FACEFF022E3AA54E00C88910 /* NAO-115 */ = {
			isa = PBXNativeTarget;
			buildConfigurationList = FACEFF0A2E3AA54E00C88910 /* Build configuration list for PBXNativeTarget "NAO-115" */;
			buildPhases = (
				FACEFEFF2E3AA54E00C88910 /* Sources */,
				FACEFF002E3AA54E00C88910 /* Frameworks */,
				FACEFF012E3AA54E00C88910 /* CopyFiles */,
			);
			buildRules = (
			);
			dependencies = (
			);
			name = "NAO-115";
			productName = "NAO-115";
			productReference = FACEFF032E3AA54E00C88910 /* NAO-115 */;
			productType = "com.apple.product-type.tool";
		};
		FACEFF432E3B552100C88910 /* NAO-115 Tests */ = {
			isa = PBXNativeTarget;
			buildConfigurationList = FACEFF482E3B552100C88910 /* Build configuration list for PBXNativeTarget "NAO-115 Tests" */;
			buildPhases = (
				FACEFF402E3B552100C88910 /* Sources */,
				FACEFF412E3B552100C88910 /* Frameworks */,
				FACEFF422E3B552100C88910 /* CopyFiles */,
			);
			buildRules = (
			);
			dependencies = (
			);
			name = "NAO-115 Tests";
			productName = "NAO-115 Tests";
			productReference = FACEFF442E3B552100C88910 /* NAO-115 Tests */;
			productType = "com.apple.product-type.tool";
		};
		FACEFF502E3B648B00C88910 /* NAO-115 Benchmark */ = {
			isa = PBXNativeTarget;
			buildConfigurationList = FACEFF552E3B648B00C88910 /* Build configuration list for PBXNativeTarget "NAO-115 Benchmark" */;
			buildPhases = (
				FACEFF4D2E3B648B00C88910 /* Sources */,
				FACEFF4E2E3B648B00C88910 /* Frameworks */,
				FACEFF4F2E3B648B00C88910 /* CopyFiles */,
			);
			buildRules = (
			);
			dependencies = (
			);
			name = "NAO-115 Benchmark";
			productName = "NAO-115 Benchmark";
			productReference = FACEFF512E3B648B00C88910 /* NAO-115 Benchmark */;
			productType = "com.apple.product-type.tool";
		};
/* End PBXNativeTarget section */

/* Begin PBXProject section */
		FACEFEFB2E3AA54E00C88910 /* Project object */ = {
			isa = PBXProject;
			attributes = {
				BuildIndependentTargetsInParallel = 1;
				LastUpgradeCheck = 1540;
				TargetAttributes = {
					FACEFF022E3AA54E00C88910 = {
						CreatedOnToolsVersion = 15.4;
					};
					FACEFF432E3B552100C88910 = {
						CreatedOnToolsVersion = 15.4;
					};
					FACEFF502E3B648B00C88910 = {
						CreatedOnToolsVersion = 15.4;
					};
				};
			};
			buildConfigurationList = FACEFEFE2E3AA54E00C88910 /* Build configuration list for PBXProject "NAO-115" */;
			compatibilityVersion = "Xcode 14.0";
			developmentRegion = en;
			hasScannedForEncodings = 0;
			knownRegions = (
				en,
				Base,
			);
			mainGroup = FACEFEFA2E3AA54E00C88910;
			productRefGroup = FACEFF042E3AA54E00C88910 /* Products */;
			projectDirPath = "";
			projectRoot = "";
			targets = (
				FACEFF022E3AA54E00C88910 /* NAO-115 */,
				FACEFF432E3B552100C88910 /* NAO-115 Tests */,
				FACEFF502E3B648B00C88910 /* NAO-115 Benchmark */,
			);
		};
/* End PBXProject section */

/* Begin PBXSourcesBuildPhase section */
		FACEFEFF2E3AA54E00C88910 /* Sources */ = {
			isa = PBXSourcesBuildPhase;
			buildActionMask = 2147483647;
			files = (
				FACEFF0F2E3AA6C800C88910 /* main.cpp in Sources */,
				FACEFF3B2E3AAC2B00C88910 /* test_trainer.cpp in Sources */,
				FACEFF362E3AABF000C88910 /* evaluator.cpp in Sources */,
				FACEFF322E3AABCF00C88910 /* hand_encoding.cpp in Sources */,
				FACEFF262E3AA9BB00C88910 /* action.cpp in Sources */,
				FACEFF3D2E3AAC3900C88910 /* test_utils.cpp in Sources */,
				FACEFF1F2E3AA98B00C88910 /* cfr_node.cpp in Sources */,
				FACEFF1C2E3AA97700C88910 /* trainer.cpp in Sources */,
				FACEFF582E3B657C00C88910 /* preflop_encoder.cpp in Sources */,
			);
			runOnlyForDeploymentPostprocessing = 0;
		};
		FACEFF402E3B552100C88910 /* Sources */ = {
			isa = PBXSourcesBuildPhase;
			buildActionMask = 2147483647;
			files = (
				FACEFF5D2E44866500C88910 /* test_state_applyAction.cpp in Sources */,
				FACEFF5E2E45112600C88910 /* state.cpp in Sources */,
			);
			runOnlyForDeploymentPostprocessing = 0;
		};
		FACEFF4D2E3B648B00C88910 /* Sources */ = {
			isa = PBXSourcesBuildPhase;
			buildActionMask = 2147483647;
			files = (
				FACEFF5B2E3B665800C88910 /* encode_bench.cpp in Sources */,
				FACEFF592E3B657C00C88910 /* preflop_encoder.cpp in Sources */,
			);
			runOnlyForDeploymentPostprocessing = 0;
		};
/* End PBXSourcesBuildPhase section */

/* Begin XCBuildConfiguration section */
		FACEFF082E3AA54E00C88910 /* Debug */ = {
			isa = XCBuildConfiguration;
			buildSettings = {
				ALWAYS_SEARCH_USER_PATHS = NO;
				ASSETCATALOG_COMPILER_GENERATE_SWIFT_ASSET_SYMBOL_EXTENSIONS = YES;
				CLANG_ANALYZER_NONNULL = YES;
				CLANG_ANALYZER_NUMBER_OBJECT_CONVERSION = YES_AGGRESSIVE;
				CLANG_CXX_LANGUAGE_STANDARD = "gnu++20";
				CLANG_ENABLE_MODULES = YES;
				CLANG_ENABLE_OBJC_ARC = YES;
				CLANG_ENABLE_OBJC_WEAK = YES;
				CLANG_WARN_BLOCK_CAPTURE_AUTORELEASING = YES;
				CLANG_WARN_BOOL_CONVERSION = YES;
				CLANG_WARN_COMMA = YES;
				CLANG_WARN_CONSTANT_CONVERSION = YES;
				CLANG_WARN_DEPRECATED_OBJC_IMPLEMENTATIONS = YES;
				CLANG_WARN_DIRECT_OBJC_ISA_USAGE = YES_ERROR;
				CLANG_WARN_DOCUMENTATION_COMMENTS = YES;
				CLANG_WARN_EMPTY_BODY = YES;
				CLANG_WARN_ENUM_CONVERSION = YES;
				CLANG_WARN_INFINITE_RECURSION = YES;
				CLANG_WARN_INT_CONVERSION = YES;
				CLANG_WARN_NON_LITERAL_NULL_CONVERSION = YES;
				CLANG_WARN_OBJC_IMPLICIT_RETAIN_SELF = YES;
				CLANG_WARN_OBJC_LITERAL_CONVERSION = YES;
				CLANG_WARN_OBJC_ROOT_CLASS = YES_ERROR;
				CLANG_WARN_QUOTED_INCLUDE_IN_FRAMEWORK_HEADER = YES;
				CLANG_WARN_RANGE_LOOP_ANALYSIS = YES;
				CLANG_WARN_STRICT_PROTOTYPES = YES;
				CLANG_WARN_SUSPICIOUS_MOVE = YES;
				CLANG_WARN_UNGUARDED_AVAILABILITY = YES_AGGRESSIVE;
				CLANG_WARN_UNREACHABLE_CODE = YES;
				CLANG_WARN__DUPLICATE_METHOD_MATCH = YES;
				COPY_PHASE_STRIP = NO;
				DEBUG_INFORMATION_FORMAT = dwarf;
				ENABLE_STRICT_OBJC_MSGSEND = YES;
				ENABLE_TESTABILITY = YES;
				ENABLE_USER_SCRIPT_SANDBOXING = YES;
				GCC_C_LANGUAGE_STANDARD = gnu17;
				GCC_DYNAMIC_NO_PIC = NO;
				GCC_NO_COMMON_BLOCKS = YES;
				GCC_OPTIMIZATION_LEVEL = 0;
				GCC_PREPROCESSOR_DEFINITIONS = (
					"DEBUG=1",
					"$(inherited)",
				);
				GCC_WARN_64_TO_32_BIT_CONVERSION = YES;
				GCC_WARN_ABOUT_RETURN_TYPE = YES_ERROR;
				GCC_WARN_UNDECLARED_SELECTOR = YES;
				GCC_WARN_UNINITIALIZED_AUTOS = YES_AGGRESSIVE;
				GCC_WARN_UNUSED_FUNCTION = YES;
				GCC_WARN_UNUSED_VARIABLE = YES;
				LOCALIZATION_PREFERS_STRING_CATALOGS = YES;
				MACOSX_DEPLOYMENT_TARGET = 14.5;
				MTL_ENABLE_DEBUG_INFO = INCLUDE_SOURCE;
				MTL_FAST_MATH = YES;
				ONLY_ACTIVE_ARCH = YES;
				SDKROOT = macosx;
			};
			name = Debug;
		};
		FACEFF092E3AA54E00C88910 /* Release */ = {
			isa = XCBuildConfiguration;
			buildSettings = {
				ALWAYS_SEARCH_USER_PATHS = NO;
				ASSETCATALOG_COMPILER_GENERATE_SWIFT_ASSET_SYMBOL_EXTENSIONS = YES;
				CLANG_ANALYZER_NONNULL = YES;
				CLANG_ANALYZER_NUMBER_OBJECT_CONVERSION = YES_AGGRESSIVE;
				CLANG_CXX_LANGUAGE_STANDARD = "gnu++20";
				CLANG_ENABLE_MODULES = YES;
				CLANG_ENABLE_OBJC_ARC = YES;
				CLANG_ENABLE_OBJC_WEAK = YES;
				CLANG_WARN_BLOCK_CAPTURE_AUTORELEASING = YES;
				CLANG_WARN_BOOL_CONVERSION = YES;
				CLANG_WARN_COMMA = YES;
				CLANG_WARN_CONSTANT_CONVERSION = YES;
				CLANG_WARN_DEPRECATED_OBJC_IMPLEMENTATIONS = YES;
				CLANG_WARN_DIRECT_OBJC_ISA_USAGE = YES_ERROR;
				CLANG_WARN_DOCUMENTATION_COMMENTS = YES;
				CLANG_WARN_EMPTY_BODY = YES;
				CLANG_WARN_ENUM_CONVERSION = YES;
				CLANG_WARN_INFINITE_RECURSION = YES;
				CLANG_WARN_INT_CONVERSION = YES;
				CLANG_WARN_NON_LITERAL_NULL_CONVERSION = YES;
				CLANG_WARN_OBJC_IMPLICIT_RETAIN_SELF = YES;
				CLANG_WARN_OBJC_LITERAL_CONVERSION = YES;
				CLANG_WARN_OBJC_ROOT_CLASS = YES_ERROR;
				CLANG_WARN_QUOTED_INCLUDE_IN_FRAMEWORK_HEADER = YES;
				CLANG_WARN_RANGE_LOOP_ANALYSIS = YES;
				CLANG_WARN_STRICT_PROTOTYPES = YES;
				CLANG_WARN_SUSPICIOUS_MOVE = YES;
				CLANG_WARN_UNGUARDED_AVAILABILITY = YES_AGGRESSIVE;
				CLANG_WARN_UNREACHABLE_CODE = YES;
				CLANG_WARN__DUPLICATE_METHOD_MATCH = YES;
				COPY_PHASE_STRIP = NO;
				DEBUG_INFORMATION_FORMAT = "dwarf-with-dsym";
				ENABLE_NS_ASSERTIONS = NO;
				ENABLE_STRICT_OBJC_MSGSEND = YES;
				ENABLE_USER_SCRIPT_SANDBOXING = YES;
				GCC_C_LANGUAGE_STANDARD = gnu17;
				GCC_NO_COMMON_BLOCKS = YES;
				GCC_WARN_64_TO_32_BIT_CONVERSION = YES;
				GCC_WARN_ABOUT_RETURN_TYPE = YES_ERROR;
				GCC_WARN_UNDECLARED_SELECTOR = YES;
				GCC_WARN_UNINITIALIZED_AUTOS = YES_AGGRESSIVE;
				GCC_WARN_UNUSED_FUNCTION = YES;
				GCC_WARN_UNUSED_VARIABLE = YES;
				LOCALIZATION_PREFERS_STRING_CATALOGS = YES;
				MACOSX_DEPLOYMENT_TARGET = 14.5;
				MTL_ENABLE_DEBUG_INFO = NO;
				MTL_FAST_MATH = YES;
				SDKROOT = macosx;
			};
			name = Release;
		};
		FACEFF0B2E3AA54E00C88910 /* Debug */ = {
			isa = XCBuildConfiguration;
			buildSettings = {
				CODE_SIGN_STYLE = Automatic;
				PRODUCT_NAME = "$(TARGET_NAME)";
			};
			name = Debug;
		};
		FACEFF0C2E3AA54E00C88910 /* Release */ = {
			isa = XCBuildConfiguration;
			buildSettings = {
				CODE_SIGN_STYLE = Automatic;
				PRODUCT_NAME = "$(TARGET_NAME)";
			};
			name = Release;
		};
		FACEFF492E3B552100C88910 /* Debug */ = {
			isa = XCBuildConfiguration;
			buildSettings = {
				CODE_SIGN_STYLE = Automatic;
				PRODUCT_NAME = "$(TARGET_NAME)";
			};
			name = Debug;
		};
		FACEFF4A2E3B552100C88910 /* Release */ = {
			isa = XCBuildConfiguration;
			buildSettings = {
				CODE_SIGN_STYLE = Automatic;
				PRODUCT_NAME = "$(TARGET_NAME)";
			};
			name = Release;
		};
		FACEFF562E3B648B00C88910 /* Debug */ = {
			isa = XCBuildConfiguration;
			buildSettings = {
				CODE_SIGN_STYLE = Automatic;
				PRODUCT_NAME = "$(TARGET_NAME)";
			};
			name = Debug;
		};
		FACEFF572E3B648B00C88910 /* Release */ = {
			isa = XCBuildConfiguration;
			buildSettings = {
				CODE_SIGN_STYLE = Automatic;
				PRODUCT_NAME = "$(TARGET_NAME)";
			};
			name = Release;
		};
/* End XCBuildConfiguration section */

/* Begin XCConfigurationList section */
		FACEFEFE2E3AA54E00C88910 /* Build configuration list for PBXProject "NAO-115" */ = {
			isa = XCConfigurationList;
			buildConfigurations = (
				FACEFF082E3AA54E00C88910 /* Debug */,
				FACEFF092E3AA54E00C88910 /* Release */,
			);
			defaultConfigurationIsVisible = 0;
			defaultConfigurationName = Release;
		};
		FACEFF0A2E3AA54E00C88910 /* Build configuration list for PBXNativeTarget "NAO-115" */ = {
			isa = XCConfigurationList;
			buildConfigurations = (
				FACEFF0B2E3AA54E00C88910 /* Debug */,
				FACEFF0C2E3AA54E00C88910 /* Release */,
			);
			defaultConfigurationIsVisible = 0;
			defaultConfigurationName = Release;
		};
		FACEFF482E3B552100C88910 /* Build configuration list for PBXNativeTarget "NAO-115 Tests" */ = {
			isa = XCConfigurationList;
			buildConfigurations = (
				FACEFF492E3B552100C88910 /* Debug */,
				FACEFF4A2E3B552100C88910 /* Release */,
			);
			defaultConfigurationIsVisible = 0;
			defaultConfigurationName = Release;
		};
		FACEFF552E3B648B00C88910 /* Build configuration list for PBXNativeTarget "NAO-115 Benchmark" */ = {
			isa = XCConfigurationList;
			buildConfigurations = (
				FACEFF562E3B648B00C88910 /* Debug */,
				FACEFF572E3B648B00C88910 /* Release */,
			);
			defaultConfigurationIsVisible = 0;
			defaultConfigurationName = Release;
		};
/* End XCConfigurationList section */
	};
	rootObject = FACEFEFB2E3AA54E00C88910 /* Project object */;
}
